// !$*UTF8*$!
{
	archiveVersion = 1;
	classes = {
	};
	objectVersion = 56;
	objects = {

/* Begin PBXBuildFile section */
		51C47F38299E9A2E004AB819 /* impracticalintApp.swift in Sources */ = {isa = PBXBuildFile; fileRef = 51C47F37299E9A2E004AB819 /* impracticalintApp.swift */; };
		51C47F3A299E9A2E004AB819 /* HomeScreen.swift in Sources */ = {isa = PBXBuildFile; fileRef = 51C47F39299E9A2E004AB819 /* HomeScreen.swift */; };
		51C47F3C299E9A2F004AB819 /* Assets.xcassets in Resources */ = {isa = PBXBuildFile; fileRef = 51C47F3B299E9A2F004AB819 /* Assets.xcassets */; };
		51C47F3F299E9A2F004AB819 /* Preview Assets.xcassets in Resources */ = {isa = PBXBuildFile; fileRef = 51C47F3E299E9A2F004AB819 /* Preview Assets.xcassets */; };
		51C47F49299E9A2F004AB819 /* impracticalintTests.swift in Sources */ = {isa = PBXBuildFile; fileRef = 51C47F48299E9A2F004AB819 /* impracticalintTests.swift */; };
		51C47F53299E9A2F004AB819 /* impracticalintUITests.swift in Sources */ = {isa = PBXBuildFile; fileRef = 51C47F52299E9A2F004AB819 /* impracticalintUITests.swift */; };
		51C47F55299E9A2F004AB819 /* impracticalintUITestsLaunchTests.swift in Sources */ = {isa = PBXBuildFile; fileRef = 51C47F54299E9A2F004AB819 /* impracticalintUITestsLaunchTests.swift */; };
		51C47F62299E9C74004AB819 /* InfiniteEquations.swift in Sources */ = {isa = PBXBuildFile; fileRef = 51C47F61299E9C74004AB819 /* InfiniteEquations.swift */; };
		51C47F64299E9CC0004AB819 /* TimedEquations.swift in Sources */ = {isa = PBXBuildFile; fileRef = 51C47F63299E9CC0004AB819 /* TimedEquations.swift */; };
		51F90A7B29BA3B6D004D2236 /* GoogleService-Info.plist in Resources */ = {isa = PBXBuildFile; fileRef = 51F90A7A29BA3B6D004D2236 /* GoogleService-Info.plist */; };
		51F90A7D29BA3C48004D2236 /* Leaderboard.swift in Sources */ = {isa = PBXBuildFile; fileRef = 51F90A7C29BA3C48004D2236 /* Leaderboard.swift */; };
		D0D96A7E2A757E7A009655A8 /* FirebaseAnalytics in Frameworks */ = {isa = PBXBuildFile; productRef = D0D96A7D2A757E7A009655A8 /* FirebaseAnalytics */; };
		D0D96A802A757E7A009655A8 /* FirebaseAnalyticsOnDeviceConversion in Frameworks */ = {isa = PBXBuildFile; productRef = D0D96A7F2A757E7A009655A8 /* FirebaseAnalyticsOnDeviceConversion */; };
		D0D96A822A757E7A009655A8 /* FirebaseAnalyticsSwift in Frameworks */ = {isa = PBXBuildFile; productRef = D0D96A812A757E7A009655A8 /* FirebaseAnalyticsSwift */; };
		D0D96A842A757E7A009655A8 /* FirebaseAnalyticsWithoutAdIdSupport in Frameworks */ = {isa = PBXBuildFile; productRef = D0D96A832A757E7A009655A8 /* FirebaseAnalyticsWithoutAdIdSupport */; };
		D0D96A862A757E7A009655A8 /* FirebaseAppCheck in Frameworks */ = {isa = PBXBuildFile; productRef = D0D96A852A757E7A009655A8 /* FirebaseAppCheck */; };
		D0D96A882A757E7A009655A8 /* FirebaseAppDistribution-Beta in Frameworks */ = {isa = PBXBuildFile; productRef = D0D96A872A757E7A009655A8 /* FirebaseAppDistribution-Beta */; };
		D0D96A8A2A757E7A009655A8 /* FirebaseAuth in Frameworks */ = {isa = PBXBuildFile; productRef = D0D96A892A757E7A009655A8 /* FirebaseAuth */; };
		D0D96A8C2A757E7A009655A8 /* FirebaseAuthCombine-Community in Frameworks */ = {isa = PBXBuildFile; productRef = D0D96A8B2A757E7A009655A8 /* FirebaseAuthCombine-Community */; };
		D0D96A8E2A757E7A009655A8 /* FirebaseCrashlytics in Frameworks */ = {isa = PBXBuildFile; productRef = D0D96A8D2A757E7A009655A8 /* FirebaseCrashlytics */; };
		D0D96A902A757E7A009655A8 /* FirebaseDatabase in Frameworks */ = {isa = PBXBuildFile; productRef = D0D96A8F2A757E7A009655A8 /* FirebaseDatabase */; };
		D0D96A922A757E7A009655A8 /* FirebaseDatabaseSwift in Frameworks */ = {isa = PBXBuildFile; productRef = D0D96A912A757E7A009655A8 /* FirebaseDatabaseSwift */; };
		D0D96A942A757E7A009655A8 /* FirebaseDynamicLinks in Frameworks */ = {isa = PBXBuildFile; productRef = D0D96A932A757E7A009655A8 /* FirebaseDynamicLinks */; };
		D0D96A962A757E7A009655A8 /* FirebaseFirestore in Frameworks */ = {isa = PBXBuildFile; productRef = D0D96A952A757E7A009655A8 /* FirebaseFirestore */; };
		D0D96A982A757E7A009655A8 /* FirebaseFirestoreCombine-Community in Frameworks */ = {isa = PBXBuildFile; productRef = D0D96A972A757E7A009655A8 /* FirebaseFirestoreCombine-Community */; };
		D0D96A9A2A757E7A009655A8 /* FirebaseFirestoreSwift in Frameworks */ = {isa = PBXBuildFile; productRef = D0D96A992A757E7A009655A8 /* FirebaseFirestoreSwift */; };
		D0D96A9C2A757E7A009655A8 /* FirebaseFunctions in Frameworks */ = {isa = PBXBuildFile; productRef = D0D96A9B2A757E7A009655A8 /* FirebaseFunctions */; };
		D0D96A9E2A757E7A009655A8 /* FirebaseFunctionsCombine-Community in Frameworks */ = {isa = PBXBuildFile; productRef = D0D96A9D2A757E7A009655A8 /* FirebaseFunctionsCombine-Community */; };
		D0D96AA02A757E7A009655A8 /* FirebaseInAppMessaging-Beta in Frameworks */ = {isa = PBXBuildFile; productRef = D0D96A9F2A757E7A009655A8 /* FirebaseInAppMessaging-Beta */; };
		D0D96AA22A757E7A009655A8 /* FirebaseInAppMessagingSwift-Beta in Frameworks */ = {isa = PBXBuildFile; productRef = D0D96AA12A757E7A009655A8 /* FirebaseInAppMessagingSwift-Beta */; };
		D0D96AA42A757E7A009655A8 /* FirebaseInstallations in Frameworks */ = {isa = PBXBuildFile; productRef = D0D96AA32A757E7A009655A8 /* FirebaseInstallations */; };
		D0D96AA62A757E7A009655A8 /* FirebaseMLModelDownloader in Frameworks */ = {isa = PBXBuildFile; productRef = D0D96AA52A757E7A009655A8 /* FirebaseMLModelDownloader */; };
		D0D96AA82A757E7A009655A8 /* FirebaseMessaging in Frameworks */ = {isa = PBXBuildFile; productRef = D0D96AA72A757E7A009655A8 /* FirebaseMessaging */; };
		D0D96AAA2A757E7A009655A8 /* FirebasePerformance in Frameworks */ = {isa = PBXBuildFile; productRef = D0D96AA92A757E7A009655A8 /* FirebasePerformance */; };
		D0D96AAC2A757E7A009655A8 /* FirebaseRemoteConfig in Frameworks */ = {isa = PBXBuildFile; productRef = D0D96AAB2A757E7A009655A8 /* FirebaseRemoteConfig */; };
		D0D96AAE2A757E7A009655A8 /* FirebaseRemoteConfigSwift in Frameworks */ = {isa = PBXBuildFile; productRef = D0D96AAD2A757E7A009655A8 /* FirebaseRemoteConfigSwift */; };
		D0D96AB02A757E7A009655A8 /* FirebaseStorage in Frameworks */ = {isa = PBXBuildFile; productRef = D0D96AAF2A757E7A009655A8 /* FirebaseStorage */; };
		D0D96AB22A757E7A009655A8 /* FirebaseStorageCombine-Community in Frameworks */ = {isa = PBXBuildFile; productRef = D0D96AB12A757E7A009655A8 /* FirebaseStorageCombine-Community */; };
/* End PBXBuildFile section */

/* Begin PBXContainerItemProxy section */
		51C47F45299E9A2F004AB819 /* PBXContainerItemProxy */ = {
			isa = PBXContainerItemProxy;
			containerPortal = 51C47F2C299E9A2E004AB819 /* Project object */;
			proxyType = 1;
			remoteGlobalIDString = 51C47F33299E9A2E004AB819;
			remoteInfo = impracticalint;
		};
		51C47F4F299E9A2F004AB819 /* PBXContainerItemProxy */ = {
			isa = PBXContainerItemProxy;
			containerPortal = 51C47F2C299E9A2E004AB819 /* Project object */;
			proxyType = 1;
			remoteGlobalIDString = 51C47F33299E9A2E004AB819;
			remoteInfo = impracticalint;
		};
/* End PBXContainerItemProxy section */

/* Begin PBXFileReference section */
		51C47F34299E9A2E004AB819 /* impracticalint.app */ = {isa = PBXFileReference; explicitFileType = wrapper.application; includeInIndex = 0; path = impracticalint.app; sourceTree = BUILT_PRODUCTS_DIR; };
		51C47F37299E9A2E004AB819 /* impracticalintApp.swift */ = {isa = PBXFileReference; lastKnownFileType = sourcecode.swift; path = impracticalintApp.swift; sourceTree = "<group>"; };
		51C47F39299E9A2E004AB819 /* HomeScreen.swift */ = {isa = PBXFileReference; lastKnownFileType = sourcecode.swift; path = HomeScreen.swift; sourceTree = "<group>"; };
		51C47F3B299E9A2F004AB819 /* Assets.xcassets */ = {isa = PBXFileReference; lastKnownFileType = folder.assetcatalog; path = Assets.xcassets; sourceTree = "<group>"; };
		51C47F3E299E9A2F004AB819 /* Preview Assets.xcassets */ = {isa = PBXFileReference; lastKnownFileType = folder.assetcatalog; path = "Preview Assets.xcassets"; sourceTree = "<group>"; };
		51C47F44299E9A2F004AB819 /* impracticalintTests.xctest */ = {isa = PBXFileReference; explicitFileType = wrapper.cfbundle; includeInIndex = 0; path = impracticalintTests.xctest; sourceTree = BUILT_PRODUCTS_DIR; };
		51C47F48299E9A2F004AB819 /* impracticalintTests.swift */ = {isa = PBXFileReference; lastKnownFileType = sourcecode.swift; path = impracticalintTests.swift; sourceTree = "<group>"; };
		51C47F4E299E9A2F004AB819 /* impracticalintUITests.xctest */ = {isa = PBXFileReference; explicitFileType = wrapper.cfbundle; includeInIndex = 0; path = impracticalintUITests.xctest; sourceTree = BUILT_PRODUCTS_DIR; };
		51C47F52299E9A2F004AB819 /* impracticalintUITests.swift */ = {isa = PBXFileReference; lastKnownFileType = sourcecode.swift; path = impracticalintUITests.swift; sourceTree = "<group>"; };
		51C47F54299E9A2F004AB819 /* impracticalintUITestsLaunchTests.swift */ = {isa = PBXFileReference; lastKnownFileType = sourcecode.swift; path = impracticalintUITestsLaunchTests.swift; sourceTree = "<group>"; };
		51C47F61299E9C74004AB819 /* InfiniteEquations.swift */ = {isa = PBXFileReference; lastKnownFileType = sourcecode.swift; path = InfiniteEquations.swift; sourceTree = "<group>"; };
		51C47F63299E9CC0004AB819 /* TimedEquations.swift */ = {isa = PBXFileReference; lastKnownFileType = sourcecode.swift; path = TimedEquations.swift; sourceTree = "<group>"; };
		51F90A7A29BA3B6D004D2236 /* GoogleService-Info.plist */ = {isa = PBXFileReference; fileEncoding = 4; lastKnownFileType = text.plist.xml; path = "GoogleService-Info.plist"; sourceTree = "<group>"; };
		51F90A7C29BA3C48004D2236 /* Leaderboard.swift */ = {isa = PBXFileReference; lastKnownFileType = sourcecode.swift; path = Leaderboard.swift; sourceTree = "<group>"; };
/* End PBXFileReference section */

/* Begin PBXFrameworksBuildPhase section */
		51C47F31299E9A2E004AB819 /* Frameworks */ = {
			isa = PBXFrameworksBuildPhase;
			buildActionMask = 2147483647;
			files = (
				D0D96A902A757E7A009655A8 /* FirebaseDatabase in Frameworks */,
				D0D96A9E2A757E7A009655A8 /* FirebaseFunctionsCombine-Community in Frameworks */,
				D0D96A962A757E7A009655A8 /* FirebaseFirestore in Frameworks */,
				D0D96A822A757E7A009655A8 /* FirebaseAnalyticsSwift in Frameworks */,
				D0D96A7E2A757E7A009655A8 /* FirebaseAnalytics in Frameworks */,
				D0D96A802A757E7A009655A8 /* FirebaseAnalyticsOnDeviceConversion in Frameworks */,
				D0D96AA62A757E7A009655A8 /* FirebaseMLModelDownloader in Frameworks */,
				D0D96A9A2A757E7A009655A8 /* FirebaseFirestoreSwift in Frameworks */,
				D0D96A862A757E7A009655A8 /* FirebaseAppCheck in Frameworks */,
				D0D96A842A757E7A009655A8 /* FirebaseAnalyticsWithoutAdIdSupport in Frameworks */,
				D0D96A8A2A757E7A009655A8 /* FirebaseAuth in Frameworks */,
				D0D96A8E2A757E7A009655A8 /* FirebaseCrashlytics in Frameworks */,
				D0D96AAE2A757E7A009655A8 /* FirebaseRemoteConfigSwift in Frameworks */,
				D0D96AA02A757E7A009655A8 /* FirebaseInAppMessaging-Beta in Frameworks */,
				D0D96A922A757E7A009655A8 /* FirebaseDatabaseSwift in Frameworks */,
				D0D96A9C2A757E7A009655A8 /* FirebaseFunctions in Frameworks */,
				D0D96AB22A757E7A009655A8 /* FirebaseStorageCombine-Community in Frameworks */,
				D0D96AAC2A757E7A009655A8 /* FirebaseRemoteConfig in Frameworks */,
				D0D96A882A757E7A009655A8 /* FirebaseAppDistribution-Beta in Frameworks */,
				D0D96A8C2A757E7A009655A8 /* FirebaseAuthCombine-Community in Frameworks */,
				D0D96AAA2A757E7A009655A8 /* FirebasePerformance in Frameworks */,
				D0D96AA22A757E7A009655A8 /* FirebaseInAppMessagingSwift-Beta in Frameworks */,
				D0D96AB02A757E7A009655A8 /* FirebaseStorage in Frameworks */,
				D0D96A942A757E7A009655A8 /* FirebaseDynamicLinks in Frameworks */,
				D0D96A982A757E7A009655A8 /* FirebaseFirestoreCombine-Community in Frameworks */,
				D0D96AA82A757E7A009655A8 /* FirebaseMessaging in Frameworks */,
				D0D96AA42A757E7A009655A8 /* FirebaseInstallations in Frameworks */,
			);
			runOnlyForDeploymentPostprocessing = 0;
		};
		51C47F41299E9A2F004AB819 /* Frameworks */ = {
			isa = PBXFrameworksBuildPhase;
			buildActionMask = 2147483647;
			files = (
			);
			runOnlyForDeploymentPostprocessing = 0;
		};
		51C47F4B299E9A2F004AB819 /* Frameworks */ = {
			isa = PBXFrameworksBuildPhase;
			buildActionMask = 2147483647;
			files = (
			);
			runOnlyForDeploymentPostprocessing = 0;
		};
/* End PBXFrameworksBuildPhase section */

/* Begin PBXGroup section */
		51C47F2B299E9A2E004AB819 = {
			isa = PBXGroup;
			children = (
				51C47F36299E9A2E004AB819 /* impracticalint */,
				51C47F47299E9A2F004AB819 /* impracticalintTests */,
				51C47F51299E9A2F004AB819 /* impracticalintUITests */,
				51C47F35299E9A2E004AB819 /* Products */,
			);
			sourceTree = "<group>";
		};
		51C47F35299E9A2E004AB819 /* Products */ = {
			isa = PBXGroup;
			children = (
				51C47F34299E9A2E004AB819 /* impracticalint.app */,
				51C47F44299E9A2F004AB819 /* impracticalintTests.xctest */,
				51C47F4E299E9A2F004AB819 /* impracticalintUITests.xctest */,
			);
			name = Products;
			sourceTree = "<group>";
		};
		51C47F36299E9A2E004AB819 /* impracticalint */ = {
			isa = PBXGroup;
			children = (
				51C47F37299E9A2E004AB819 /* impracticalintApp.swift */,
				51C47F39299E9A2E004AB819 /* HomeScreen.swift */,
				51C47F63299E9CC0004AB819 /* TimedEquations.swift */,
				51C47F61299E9C74004AB819 /* InfiniteEquations.swift */,
				51F90A7C29BA3C48004D2236 /* Leaderboard.swift */,
				51C47F3B299E9A2F004AB819 /* Assets.xcassets */,
				51F90A7A29BA3B6D004D2236 /* GoogleService-Info.plist */,
				51C47F3D299E9A2F004AB819 /* Preview Content */,
			);
			path = impracticalint;
			sourceTree = "<group>";
		};
		51C47F3D299E9A2F004AB819 /* Preview Content */ = {
			isa = PBXGroup;
			children = (
				51C47F3E299E9A2F004AB819 /* Preview Assets.xcassets */,
			);
			path = "Preview Content";
			sourceTree = "<group>";
		};
		51C47F47299E9A2F004AB819 /* impracticalintTests */ = {
			isa = PBXGroup;
			children = (
				51C47F48299E9A2F004AB819 /* impracticalintTests.swift */,
			);
			path = impracticalintTests;
			sourceTree = "<group>";
		};
		51C47F51299E9A2F004AB819 /* impracticalintUITests */ = {
			isa = PBXGroup;
			children = (
				51C47F52299E9A2F004AB819 /* impracticalintUITests.swift */,
				51C47F54299E9A2F004AB819 /* impracticalintUITestsLaunchTests.swift */,
			);
			path = impracticalintUITests;
			sourceTree = "<group>";
		};
/* End PBXGroup section */

/* Begin PBXNativeTarget section */
		51C47F33299E9A2E004AB819 /* impracticalint */ = {
			isa = PBXNativeTarget;
			buildConfigurationList = 51C47F58299E9A2F004AB819 /* Build configuration list for PBXNativeTarget "impracticalint" */;
			buildPhases = (
				51C47F30299E9A2E004AB819 /* Sources */,
				51C47F31299E9A2E004AB819 /* Frameworks */,
				51C47F32299E9A2E004AB819 /* Resources */,
			);
			buildRules = (
			);
			dependencies = (
			);
			name = impracticalint;
			packageProductDependencies = (
				D0D96A7D2A757E7A009655A8 /* FirebaseAnalytics */,
				D0D96A7F2A757E7A009655A8 /* FirebaseAnalyticsOnDeviceConversion */,
				D0D96A812A757E7A009655A8 /* FirebaseAnalyticsSwift */,
				D0D96A832A757E7A009655A8 /* FirebaseAnalyticsWithoutAdIdSupport */,
				D0D96A852A757E7A009655A8 /* FirebaseAppCheck */,
				D0D96A872A757E7A009655A8 /* FirebaseAppDistribution-Beta */,
				D0D96A892A757E7A009655A8 /* FirebaseAuth */,
				D0D96A8B2A757E7A009655A8 /* FirebaseAuthCombine-Community */,
				D0D96A8D2A757E7A009655A8 /* FirebaseCrashlytics */,
				D0D96A8F2A757E7A009655A8 /* FirebaseDatabase */,
				D0D96A912A757E7A009655A8 /* FirebaseDatabaseSwift */,
				D0D96A932A757E7A009655A8 /* FirebaseDynamicLinks */,
				D0D96A952A757E7A009655A8 /* FirebaseFirestore */,
				D0D96A972A757E7A009655A8 /* FirebaseFirestoreCombine-Community */,
				D0D96A992A757E7A009655A8 /* FirebaseFirestoreSwift */,
				D0D96A9B2A757E7A009655A8 /* FirebaseFunctions */,
				D0D96A9D2A757E7A009655A8 /* FirebaseFunctionsCombine-Community */,
				D0D96A9F2A757E7A009655A8 /* FirebaseInAppMessaging-Beta */,
				D0D96AA12A757E7A009655A8 /* FirebaseInAppMessagingSwift-Beta */,
				D0D96AA32A757E7A009655A8 /* FirebaseInstallations */,
				D0D96AA52A757E7A009655A8 /* FirebaseMLModelDownloader */,
				D0D96AA72A757E7A009655A8 /* FirebaseMessaging */,
				D0D96AA92A757E7A009655A8 /* FirebasePerformance */,
				D0D96AAB2A757E7A009655A8 /* FirebaseRemoteConfig */,
				D0D96AAD2A757E7A009655A8 /* FirebaseRemoteConfigSwift */,
				D0D96AAF2A757E7A009655A8 /* FirebaseStorage */,
				D0D96AB12A757E7A009655A8 /* FirebaseStorageCombine-Community */,
			);
			productName = impracticalint;
			productReference = 51C47F34299E9A2E004AB819 /* impracticalint.app */;
			productType = "com.apple.product-type.application";
		};
		51C47F43299E9A2F004AB819 /* impracticalintTests */ = {
			isa = PBXNativeTarget;
			buildConfigurationList = 51C47F5B299E9A2F004AB819 /* Build configuration list for PBXNativeTarget "impracticalintTests" */;
			buildPhases = (
				51C47F40299E9A2F004AB819 /* Sources */,
				51C47F41299E9A2F004AB819 /* Frameworks */,
				51C47F42299E9A2F004AB819 /* Resources */,
			);
			buildRules = (
			);
			dependencies = (
				51C47F46299E9A2F004AB819 /* PBXTargetDependency */,
			);
			name = impracticalintTests;
			productName = impracticalintTests;
			productReference = 51C47F44299E9A2F004AB819 /* impracticalintTests.xctest */;
			productType = "com.apple.product-type.bundle.unit-test";
		};
		51C47F4D299E9A2F004AB819 /* impracticalintUITests */ = {
			isa = PBXNativeTarget;
			buildConfigurationList = 51C47F5E299E9A2F004AB819 /* Build configuration list for PBXNativeTarget "impracticalintUITests" */;
			buildPhases = (
				51C47F4A299E9A2F004AB819 /* Sources */,
				51C47F4B299E9A2F004AB819 /* Frameworks */,
				51C47F4C299E9A2F004AB819 /* Resources */,
			);
			buildRules = (
			);
			dependencies = (
				51C47F50299E9A2F004AB819 /* PBXTargetDependency */,
			);
			name = impracticalintUITests;
			productName = impracticalintUITests;
			productReference = 51C47F4E299E9A2F004AB819 /* impracticalintUITests.xctest */;
			productType = "com.apple.product-type.bundle.ui-testing";
		};
/* End PBXNativeTarget section */

/* Begin PBXProject section */
		51C47F2C299E9A2E004AB819 /* Project object */ = {
			isa = PBXProject;
			attributes = {
				BuildIndependentTargetsInParallel = 1;
				LastSwiftUpdateCheck = 1420;
				LastUpgradeCheck = 1420;
				TargetAttributes = {
					51C47F33299E9A2E004AB819 = {
						CreatedOnToolsVersion = 14.2;
					};
					51C47F43299E9A2F004AB819 = {
						CreatedOnToolsVersion = 14.2;
						TestTargetID = 51C47F33299E9A2E004AB819;
					};
					51C47F4D299E9A2F004AB819 = {
						CreatedOnToolsVersion = 14.2;
						TestTargetID = 51C47F33299E9A2E004AB819;
					};
				};
			};
			buildConfigurationList = 51C47F2F299E9A2E004AB819 /* Build configuration list for PBXProject "impracticalint" */;
			compatibilityVersion = "Xcode 14.0";
			developmentRegion = en;
			hasScannedForEncodings = 0;
			knownRegions = (
				en,
				Base,
			);
			mainGroup = 51C47F2B299E9A2E004AB819;
			packageReferences = (
				D0D96A7C2A757E7A009655A8 /* XCRemoteSwiftPackageReference "firebase-ios-sdk" */,
			);
			productRefGroup = 51C47F35299E9A2E004AB819 /* Products */;
			projectDirPath = "";
			projectRoot = "";
			targets = (
				51C47F33299E9A2E004AB819 /* impracticalint */,
				51C47F43299E9A2F004AB819 /* impracticalintTests */,
				51C47F4D299E9A2F004AB819 /* impracticalintUITests */,
			);
		};
/* End PBXProject section */

/* Begin PBXResourcesBuildPhase section */
		51C47F32299E9A2E004AB819 /* Resources */ = {
			isa = PBXResourcesBuildPhase;
			buildActionMask = 2147483647;
			files = (
				51C47F3F299E9A2F004AB819 /* Preview Assets.xcassets in Resources */,
				51C47F3C299E9A2F004AB819 /* Assets.xcassets in Resources */,
				51F90A7B29BA3B6D004D2236 /* GoogleService-Info.plist in Resources */,
			);
			runOnlyForDeploymentPostprocessing = 0;
		};
		51C47F42299E9A2F004AB819 /* Resources */ = {
			isa = PBXResourcesBuildPhase;
			buildActionMask = 2147483647;
			files = (
			);
			runOnlyForDeploymentPostprocessing = 0;
		};
		51C47F4C299E9A2F004AB819 /* Resources */ = {
			isa = PBXResourcesBuildPhase;
			buildActionMask = 2147483647;
			files = (
			);
			runOnlyForDeploymentPostprocessing = 0;
		};
/* End PBXResourcesBuildPhase section */

/* Begin PBXSourcesBuildPhase section */
		51C47F30299E9A2E004AB819 /* Sources */ = {
			isa = PBXSourcesBuildPhase;
			buildActionMask = 2147483647;
			files = (
				51C47F3A299E9A2E004AB819 /* HomeScreen.swift in Sources */,
				51C47F62299E9C74004AB819 /* InfiniteEquations.swift in Sources */,
				51C47F38299E9A2E004AB819 /* impracticalintApp.swift in Sources */,
				51C47F64299E9CC0004AB819 /* TimedEquations.swift in Sources */,
				51F90A7D29BA3C48004D2236 /* Leaderboard.swift in Sources */,
			);
			runOnlyForDeploymentPostprocessing = 0;
		};
		51C47F40299E9A2F004AB819 /* Sources */ = {
			isa = PBXSourcesBuildPhase;
			buildActionMask = 2147483647;
			files = (
				51C47F49299E9A2F004AB819 /* impracticalintTests.swift in Sources */,
			);
			runOnlyForDeploymentPostprocessing = 0;
		};
		51C47F4A299E9A2F004AB819 /* Sources */ = {
			isa = PBXSourcesBuildPhase;
			buildActionMask = 2147483647;
			files = (
				51C47F55299E9A2F004AB819 /* impracticalintUITestsLaunchTests.swift in Sources */,
				51C47F53299E9A2F004AB819 /* impracticalintUITests.swift in Sources */,
			);
			runOnlyForDeploymentPostprocessing = 0;
		};
/* End PBXSourcesBuildPhase section */

/* Begin PBXTargetDependency section */
		51C47F46299E9A2F004AB819 /* PBXTargetDependency */ = {
			isa = PBXTargetDependency;
			target = 51C47F33299E9A2E004AB819 /* impracticalint */;
			targetProxy = 51C47F45299E9A2F004AB819 /* PBXContainerItemProxy */;
		};
		51C47F50299E9A2F004AB819 /* PBXTargetDependency */ = {
			isa = PBXTargetDependency;
			target = 51C47F33299E9A2E004AB819 /* impracticalint */;
			targetProxy = 51C47F4F299E9A2F004AB819 /* PBXContainerItemProxy */;
		};
/* End PBXTargetDependency section */

/* Begin XCBuildConfiguration section */
		51C47F56299E9A2F004AB819 /* Debug */ = {
			isa = XCBuildConfiguration;
			buildSettings = {
				ALWAYS_SEARCH_USER_PATHS = NO;
				CLANG_ANALYZER_NONNULL = YES;
				CLANG_ANALYZER_NUMBER_OBJECT_CONVERSION = YES_AGGRESSIVE;
				CLANG_CXX_LANGUAGE_STANDARD = "gnu++20";
				CLANG_ENABLE_MODULES = YES;
				CLANG_ENABLE_OBJC_ARC = YES;
				CLANG_ENABLE_OBJC_WEAK = YES;
				CLANG_WARN_BLOCK_CAPTURE_AUTORELEASING = YES;
				CLANG_WARN_BOOL_CONVERSION = YES;
				CLANG_WARN_COMMA = YES;
				CLANG_WARN_CONSTANT_CONVERSION = YES;
				CLANG_WARN_DEPRECATED_OBJC_IMPLEMENTATIONS = YES;
				CLANG_WARN_DIRECT_OBJC_ISA_USAGE = YES_ERROR;
				CLANG_WARN_DOCUMENTATION_COMMENTS = YES;
				CLANG_WARN_EMPTY_BODY = YES;
				CLANG_WARN_ENUM_CONVERSION = YES;
				CLANG_WARN_INFINITE_RECURSION = YES;
				CLANG_WARN_INT_CONVERSION = YES;
				CLANG_WARN_NON_LITERAL_NULL_CONVERSION = YES;
				CLANG_WARN_OBJC_IMPLICIT_RETAIN_SELF = YES;
				CLANG_WARN_OBJC_LITERAL_CONVERSION = YES;
				CLANG_WARN_OBJC_ROOT_CLASS = YES_ERROR;
				CLANG_WARN_QUOTED_INCLUDE_IN_FRAMEWORK_HEADER = YES;
				CLANG_WARN_RANGE_LOOP_ANALYSIS = YES;
				CLANG_WARN_STRICT_PROTOTYPES = YES;
				CLANG_WARN_SUSPICIOUS_MOVE = YES;
				CLANG_WARN_UNGUARDED_AVAILABILITY = YES_AGGRESSIVE;
				CLANG_WARN_UNREACHABLE_CODE = YES;
				CLANG_WARN__DUPLICATE_METHOD_MATCH = YES;
				COPY_PHASE_STRIP = NO;
				DEBUG_INFORMATION_FORMAT = dwarf;
				ENABLE_STRICT_OBJC_MSGSEND = YES;
				ENABLE_TESTABILITY = YES;
				GCC_C_LANGUAGE_STANDARD = gnu11;
				GCC_DYNAMIC_NO_PIC = NO;
				GCC_NO_COMMON_BLOCKS = YES;
				GCC_OPTIMIZATION_LEVEL = 0;
				GCC_PREPROCESSOR_DEFINITIONS = (
					"DEBUG=1",
					"$(inherited)",
				);
				GCC_WARN_64_TO_32_BIT_CONVERSION = YES;
				GCC_WARN_ABOUT_RETURN_TYPE = YES_ERROR;
				GCC_WARN_UNDECLARED_SELECTOR = YES;
				GCC_WARN_UNINITIALIZED_AUTOS = YES_AGGRESSIVE;
				GCC_WARN_UNUSED_FUNCTION = YES;
				GCC_WARN_UNUSED_VARIABLE = YES;
				IPHONEOS_DEPLOYMENT_TARGET = 16.2;
				MTL_ENABLE_DEBUG_INFO = INCLUDE_SOURCE;
				MTL_FAST_MATH = YES;
				ONLY_ACTIVE_ARCH = YES;
				SDKROOT = iphoneos;
				SWIFT_ACTIVE_COMPILATION_CONDITIONS = DEBUG;
				SWIFT_OPTIMIZATION_LEVEL = "-Onone";
			};
			name = Debug;
		};
		51C47F57299E9A2F004AB819 /* Release */ = {
			isa = XCBuildConfiguration;
			buildSettings = {
				ALWAYS_SEARCH_USER_PATHS = NO;
				CLANG_ANALYZER_NONNULL = YES;
				CLANG_ANALYZER_NUMBER_OBJECT_CONVERSION = YES_AGGRESSIVE;
				CLANG_CXX_LANGUAGE_STANDARD = "gnu++20";
				CLANG_ENABLE_MODULES = YES;
				CLANG_ENABLE_OBJC_ARC = YES;
				CLANG_ENABLE_OBJC_WEAK = YES;
				CLANG_WARN_BLOCK_CAPTURE_AUTORELEASING = YES;
				CLANG_WARN_BOOL_CONVERSION = YES;
				CLANG_WARN_COMMA = YES;
				CLANG_WARN_CONSTANT_CONVERSION = YES;
				CLANG_WARN_DEPRECATED_OBJC_IMPLEMENTATIONS = YES;
				CLANG_WARN_DIRECT_OBJC_ISA_USAGE = YES_ERROR;
				CLANG_WARN_DOCUMENTATION_COMMENTS = YES;
				CLANG_WARN_EMPTY_BODY = YES;
				CLANG_WARN_ENUM_CONVERSION = YES;
				CLANG_WARN_INFINITE_RECURSION = YES;
				CLANG_WARN_INT_CONVERSION = YES;
				CLANG_WARN_NON_LITERAL_NULL_CONVERSION = YES;
				CLANG_WARN_OBJC_IMPLICIT_RETAIN_SELF = YES;
				CLANG_WARN_OBJC_LITERAL_CONVERSION = YES;
				CLANG_WARN_OBJC_ROOT_CLASS = YES_ERROR;
				CLANG_WARN_QUOTED_INCLUDE_IN_FRAMEWORK_HEADER = YES;
				CLANG_WARN_RANGE_LOOP_ANALYSIS = YES;
				CLANG_WARN_STRICT_PROTOTYPES = YES;
				CLANG_WARN_SUSPICIOUS_MOVE = YES;
				CLANG_WARN_UNGUARDED_AVAILABILITY = YES_AGGRESSIVE;
				CLANG_WARN_UNREACHABLE_CODE = YES;
				CLANG_WARN__DUPLICATE_METHOD_MATCH = YES;
				COPY_PHASE_STRIP = NO;
				DEBUG_INFORMATION_FORMAT = "dwarf-with-dsym";
				ENABLE_NS_ASSERTIONS = NO;
				ENABLE_STRICT_OBJC_MSGSEND = YES;
				GCC_C_LANGUAGE_STANDARD = gnu11;
				GCC_NO_COMMON_BLOCKS = YES;
				GCC_WARN_64_TO_32_BIT_CONVERSION = YES;
				GCC_WARN_ABOUT_RETURN_TYPE = YES_ERROR;
				GCC_WARN_UNDECLARED_SELECTOR = YES;
				GCC_WARN_UNINITIALIZED_AUTOS = YES_AGGRESSIVE;
				GCC_WARN_UNUSED_FUNCTION = YES;
				GCC_WARN_UNUSED_VARIABLE = YES;
				IPHONEOS_DEPLOYMENT_TARGET = 16.2;
				MTL_ENABLE_DEBUG_INFO = NO;
				MTL_FAST_MATH = YES;
				SDKROOT = iphoneos;
				SWIFT_COMPILATION_MODE = wholemodule;
				SWIFT_OPTIMIZATION_LEVEL = "-O";
				VALIDATE_PRODUCT = YES;
			};
			name = Release;
		};
		51C47F59299E9A2F004AB819 /* Debug */ = {
			isa = XCBuildConfiguration;
			buildSettings = {
				ASSETCATALOG_COMPILER_APPICON_NAME = AppIcon;
				ASSETCATALOG_COMPILER_GLOBAL_ACCENT_COLOR_NAME = AccentColor;
				CODE_SIGN_STYLE = Automatic;
				CURRENT_PROJECT_VERSION = 1;
				DEVELOPMENT_ASSET_PATHS = "\"impracticalint/Preview Content\"";
				DEVELOPMENT_TEAM = 99698VC6BG;
				ENABLE_PREVIEWS = YES;
				GENERATE_INFOPLIST_FILE = YES;
				INFOPLIST_KEY_UIApplicationSceneManifest_Generation = YES;
				INFOPLIST_KEY_UIApplicationSupportsIndirectInputEvents = YES;
				INFOPLIST_KEY_UILaunchScreen_Generation = YES;
				INFOPLIST_KEY_UISupportedInterfaceOrientations_iPad = "UIInterfaceOrientationPortrait UIInterfaceOrientationPortraitUpsideDown UIInterfaceOrientationLandscapeLeft UIInterfaceOrientationLandscapeRight";
				INFOPLIST_KEY_UISupportedInterfaceOrientations_iPhone = "UIInterfaceOrientationPortrait UIInterfaceOrientationLandscapeLeft UIInterfaceOrientationLandscapeRight";
				LD_RUNPATH_SEARCH_PATHS = (
					"$(inherited)",
					"@executable_path/Frameworks",
				);
				MARKETING_VERSION = 1.0;
				PRODUCT_BUNDLE_IDENTIFIER = net.refractored.impracticalint;
				PRODUCT_NAME = "$(TARGET_NAME)";
				SWIFT_EMIT_LOC_STRINGS = YES;
				SWIFT_VERSION = 5.0;
				TARGETED_DEVICE_FAMILY = "1,2";
			};
			name = Debug;
		};
		51C47F5A299E9A2F004AB819 /* Release */ = {
			isa = XCBuildConfiguration;
			buildSettings = {
				ASSETCATALOG_COMPILER_APPICON_NAME = AppIcon;
				ASSETCATALOG_COMPILER_GLOBAL_ACCENT_COLOR_NAME = AccentColor;
				CODE_SIGN_STYLE = Automatic;
				CURRENT_PROJECT_VERSION = 1;
				DEVELOPMENT_ASSET_PATHS = "\"impracticalint/Preview Content\"";
				DEVELOPMENT_TEAM = 99698VC6BG;
				ENABLE_PREVIEWS = YES;
				GENERATE_INFOPLIST_FILE = YES;
				INFOPLIST_KEY_UIApplicationSceneManifest_Generation = YES;
				INFOPLIST_KEY_UIApplicationSupportsIndirectInputEvents = YES;
				INFOPLIST_KEY_UILaunchScreen_Generation = YES;
				INFOPLIST_KEY_UISupportedInterfaceOrientations_iPad = "UIInterfaceOrientationPortrait UIInterfaceOrientationPortraitUpsideDown UIInterfaceOrientationLandscapeLeft UIInterfaceOrientationLandscapeRight";
				INFOPLIST_KEY_UISupportedInterfaceOrientations_iPhone = "UIInterfaceOrientationPortrait UIInterfaceOrientationLandscapeLeft UIInterfaceOrientationLandscapeRight";
				LD_RUNPATH_SEARCH_PATHS = (
					"$(inherited)",
					"@executable_path/Frameworks",
				);
				MARKETING_VERSION = 1.0;
				PRODUCT_BUNDLE_IDENTIFIER = net.refractored.impracticalint;
				PRODUCT_NAME = "$(TARGET_NAME)";
				SWIFT_EMIT_LOC_STRINGS = YES;
				SWIFT_VERSION = 5.0;
				TARGETED_DEVICE_FAMILY = "1,2";
			};
			name = Release;
		};
		51C47F5C299E9A2F004AB819 /* Debug */ = {
			isa = XCBuildConfiguration;
			buildSettings = {
				ALWAYS_EMBED_SWIFT_STANDARD_LIBRARIES = YES;
				BUNDLE_LOADER = "$(TEST_HOST)";
				CODE_SIGN_STYLE = Automatic;
				CURRENT_PROJECT_VERSION = 1;
				DEVELOPMENT_TEAM = 99698VC6BG;
				GENERATE_INFOPLIST_FILE = YES;
				IPHONEOS_DEPLOYMENT_TARGET = 16.2;
				MARKETING_VERSION = 1.0;
				PRODUCT_BUNDLE_IDENTIFIER = net.refractored.impracticalintTests;
				PRODUCT_NAME = "$(TARGET_NAME)";
				SWIFT_EMIT_LOC_STRINGS = NO;
				SWIFT_VERSION = 5.0;
				TARGETED_DEVICE_FAMILY = "1,2";
				TEST_HOST = "$(BUILT_PRODUCTS_DIR)/impracticalint.app/$(BUNDLE_EXECUTABLE_FOLDER_PATH)/impracticalint";
			};
			name = Debug;
		};
		51C47F5D299E9A2F004AB819 /* Release */ = {
			isa = XCBuildConfiguration;
			buildSettings = {
				ALWAYS_EMBED_SWIFT_STANDARD_LIBRARIES = YES;
				BUNDLE_LOADER = "$(TEST_HOST)";
				CODE_SIGN_STYLE = Automatic;
				CURRENT_PROJECT_VERSION = 1;
				DEVELOPMENT_TEAM = 99698VC6BG;
				GENERATE_INFOPLIST_FILE = YES;
				IPHONEOS_DEPLOYMENT_TARGET = 16.2;
				MARKETING_VERSION = 1.0;
				PRODUCT_BUNDLE_IDENTIFIER = net.refractored.impracticalintTests;
				PRODUCT_NAME = "$(TARGET_NAME)";
				SWIFT_EMIT_LOC_STRINGS = NO;
				SWIFT_VERSION = 5.0;
				TARGETED_DEVICE_FAMILY = "1,2";
				TEST_HOST = "$(BUILT_PRODUCTS_DIR)/impracticalint.app/$(BUNDLE_EXECUTABLE_FOLDER_PATH)/impracticalint";
			};
			name = Release;
		};
		51C47F5F299E9A2F004AB819 /* Debug */ = {
			isa = XCBuildConfiguration;
			buildSettings = {
				ALWAYS_EMBED_SWIFT_STANDARD_LIBRARIES = YES;
				CODE_SIGN_STYLE = Automatic;
				CURRENT_PROJECT_VERSION = 1;
				DEVELOPMENT_TEAM = 99698VC6BG;
				GENERATE_INFOPLIST_FILE = YES;
				MARKETING_VERSION = 1.0;
				PRODUCT_BUNDLE_IDENTIFIER = net.refractored.impracticalintUITests;
				PRODUCT_NAME = "$(TARGET_NAME)";
				SWIFT_EMIT_LOC_STRINGS = NO;
				SWIFT_VERSION = 5.0;
				TARGETED_DEVICE_FAMILY = "1,2";
				TEST_TARGET_NAME = impracticalint;
			};
			name = Debug;
		};
		51C47F60299E9A2F004AB819 /* Release */ = {
			isa = XCBuildConfiguration;
			buildSettings = {
				ALWAYS_EMBED_SWIFT_STANDARD_LIBRARIES = YES;
				CODE_SIGN_STYLE = Automatic;
				CURRENT_PROJECT_VERSION = 1;
				DEVELOPMENT_TEAM = 99698VC6BG;
				GENERATE_INFOPLIST_FILE = YES;
				MARKETING_VERSION = 1.0;
				PRODUCT_BUNDLE_IDENTIFIER = net.refractored.impracticalintUITests;
				PRODUCT_NAME = "$(TARGET_NAME)";
				SWIFT_EMIT_LOC_STRINGS = NO;
				SWIFT_VERSION = 5.0;
				TARGETED_DEVICE_FAMILY = "1,2";
				TEST_TARGET_NAME = impracticalint;
			};
			name = Release;
		};
/* End XCBuildConfiguration section */

/* Begin XCConfigurationList section */
		51C47F2F299E9A2E004AB819 /* Build configuration list for PBXProject "impracticalint" */ = {
			isa = XCConfigurationList;
			buildConfigurations = (
				51C47F56299E9A2F004AB819 /* Debug */,
				51C47F57299E9A2F004AB819 /* Release */,
			);
			defaultConfigurationIsVisible = 0;
			defaultConfigurationName = Release;
		};
		51C47F58299E9A2F004AB819 /* Build configuration list for PBXNativeTarget "impracticalint" */ = {
			isa = XCConfigurationList;
			buildConfigurations = (
				51C47F59299E9A2F004AB819 /* Debug */,
				51C47F5A299E9A2F004AB819 /* Release */,
			);
			defaultConfigurationIsVisible = 0;
			defaultConfigurationName = Release;
		};
		51C47F5B299E9A2F004AB819 /* Build configuration list for PBXNativeTarget "impracticalintTests" */ = {
			isa = XCConfigurationList;
			buildConfigurations = (
				51C47F5C299E9A2F004AB819 /* Debug */,
				51C47F5D299E9A2F004AB819 /* Release */,
			);
			defaultConfigurationIsVisible = 0;
			defaultConfigurationName = Release;
		};
		51C47F5E299E9A2F004AB819 /* Build configuration list for PBXNativeTarget "impracticalintUITests" */ = {
			isa = XCConfigurationList;
			buildConfigurations = (
				51C47F5F299E9A2F004AB819 /* Debug */,
				51C47F60299E9A2F004AB819 /* Release */,
			);
			defaultConfigurationIsVisible = 0;
			defaultConfigurationName = Release;
		};
/* End XCConfigurationList section */

/* Begin XCRemoteSwiftPackageReference section */
		D0D96A7C2A757E7A009655A8 /* XCRemoteSwiftPackageReference "firebase-ios-sdk" */ = {
			isa = XCRemoteSwiftPackageReference;
			repositoryURL = "https://github.com/firebase/firebase-ios-sdk.git";
			requirement = {
				kind = upToNextMajorVersion;
				minimumVersion = 10.0.0;
			};
		};
/* End XCRemoteSwiftPackageReference section */

/* Begin XCSwiftPackageProductDependency section */
		D0D96A7D2A757E7A009655A8 /* FirebaseAnalytics */ = {
			isa = XCSwiftPackageProductDependency;
			package = D0D96A7C2A757E7A009655A8 /* XCRemoteSwiftPackageReference "firebase-ios-sdk" */;
			productName = FirebaseAnalytics;
		};
		D0D96A7F2A757E7A009655A8 /* FirebaseAnalyticsOnDeviceConversion */ = {
			isa = XCSwiftPackageProductDependency;
			package = D0D96A7C2A757E7A009655A8 /* XCRemoteSwiftPackageReference "firebase-ios-sdk" */;
			productName = FirebaseAnalyticsOnDeviceConversion;
		};
		D0D96A812A757E7A009655A8 /* FirebaseAnalyticsSwift */ = {
			isa = XCSwiftPackageProductDependency;
			package = D0D96A7C2A757E7A009655A8 /* XCRemoteSwiftPackageReference "firebase-ios-sdk" */;
			productName = FirebaseAnalyticsSwift;
		};
		D0D96A832A757E7A009655A8 /* FirebaseAnalyticsWithoutAdIdSupport */ = {
			isa = XCSwiftPackageProductDependency;
			package = D0D96A7C2A757E7A009655A8 /* XCRemoteSwiftPackageReference "firebase-ios-sdk" */;
			productName = FirebaseAnalyticsWithoutAdIdSupport;
		};
		D0D96A852A757E7A009655A8 /* FirebaseAppCheck */ = {
			isa = XCSwiftPackageProductDependency;
			package = D0D96A7C2A757E7A009655A8 /* XCRemoteSwiftPackageReference "firebase-ios-sdk" */;
			productName = FirebaseAppCheck;
		};
		D0D96A872A757E7A009655A8 /* FirebaseAppDistribution-Beta */ = {
			isa = XCSwiftPackageProductDependency;
			package = D0D96A7C2A757E7A009655A8 /* XCRemoteSwiftPackageReference "firebase-ios-sdk" */;
			productName = "FirebaseAppDistribution-Beta";
		};
		D0D96A892A757E7A009655A8 /* FirebaseAuth */ = {
			isa = XCSwiftPackageProductDependency;
			package = D0D96A7C2A757E7A009655A8 /* XCRemoteSwiftPackageReference "firebase-ios-sdk" */;
			productName = FirebaseAuth;
		};
		D0D96A8B2A757E7A009655A8 /* FirebaseAuthCombine-Community */ = {
			isa = XCSwiftPackageProductDependency;
			package = D0D96A7C2A757E7A009655A8 /* XCRemoteSwiftPackageReference "firebase-ios-sdk" */;
			productName = "FirebaseAuthCombine-Community";
		};
		D0D96A8D2A757E7A009655A8 /* FirebaseCrashlytics */ = {
			isa = XCSwiftPackageProductDependency;
			package = D0D96A7C2A757E7A009655A8 /* XCRemoteSwiftPackageReference "firebase-ios-sdk" */;
			productName = FirebaseCrashlytics;
		};
		D0D96A8F2A757E7A009655A8 /* FirebaseDatabase */ = {
			isa = XCSwiftPackageProductDependency;
			package = D0D96A7C2A757E7A009655A8 /* XCRemoteSwiftPackageReference "firebase-ios-sdk" */;
			productName = FirebaseDatabase;
		};
		D0D96A912A757E7A009655A8 /* FirebaseDatabaseSwift */ = {
			isa = XCSwiftPackageProductDependency;
			package = D0D96A7C2A757E7A009655A8 /* XCRemoteSwiftPackageReference "firebase-ios-sdk" */;
			productName = FirebaseDatabaseSwift;
		};
		D0D96A932A757E7A009655A8 /* FirebaseDynamicLinks */ = {
			isa = XCSwiftPackageProductDependency;
			package = D0D96A7C2A757E7A009655A8 /* XCRemoteSwiftPackageReference "firebase-ios-sdk" */;
			productName = FirebaseDynamicLinks;
		};
		D0D96A952A757E7A009655A8 /* FirebaseFirestore */ = {
			isa = XCSwiftPackageProductDependency;
			package = D0D96A7C2A757E7A009655A8 /* XCRemoteSwiftPackageReference "firebase-ios-sdk" */;
			productName = FirebaseFirestore;
		};
		D0D96A972A757E7A009655A8 /* FirebaseFirestoreCombine-Community */ = {
			isa = XCSwiftPackageProductDependency;
			package = D0D96A7C2A757E7A009655A8 /* XCRemoteSwiftPackageReference "firebase-ios-sdk" */;
			productName = "FirebaseFirestoreCombine-Community";
		};
		D0D96A992A757E7A009655A8 /* FirebaseFirestoreSwift */ = {
			isa = XCSwiftPackageProductDependency;
			package = D0D96A7C2A757E7A009655A8 /* XCRemoteSwiftPackageReference "firebase-ios-sdk" */;
			productName = FirebaseFirestoreSwift;
		};
		D0D96A9B2A757E7A009655A8 /* FirebaseFunctions */ = {
			isa = XCSwiftPackageProductDependency;
			package = D0D96A7C2A757E7A009655A8 /* XCRemoteSwiftPackageReference "firebase-ios-sdk" */;
			productName = FirebaseFunctions;
		};
		D0D96A9D2A757E7A009655A8 /* FirebaseFunctionsCombine-Community */ = {
			isa = XCSwiftPackageProductDependency;
			package = D0D96A7C2A757E7A009655A8 /* XCRemoteSwiftPackageReference "firebase-ios-sdk" */;
			productName = "FirebaseFunctionsCombine-Community";
		};
		D0D96A9F2A757E7A009655A8 /* FirebaseInAppMessaging-Beta */ = {
			isa = XCSwiftPackageProductDependency;
			package = D0D96A7C2A757E7A009655A8 /* XCRemoteSwiftPackageReference "firebase-ios-sdk" */;
			productName = "FirebaseInAppMessaging-Beta";
		};
		D0D96AA12A757E7A009655A8 /* FirebaseInAppMessagingSwift-Beta */ = {
			isa = XCSwiftPackageProductDependency;
			package = D0D96A7C2A757E7A009655A8 /* XCRemoteSwiftPackageReference "firebase-ios-sdk" */;
			productName = "FirebaseInAppMessagingSwift-Beta";
		};
		D0D96AA32A757E7A009655A8 /* FirebaseInstallations */ = {
			isa = XCSwiftPackageProductDependency;
			package = D0D96A7C2A757E7A009655A8 /* XCRemoteSwiftPackageReference "firebase-ios-sdk" */;
			productName = FirebaseInstallations;
		};
		D0D96AA52A757E7A009655A8 /* FirebaseMLModelDownloader */ = {
			isa = XCSwiftPackageProductDependency;
			package = D0D96A7C2A757E7A009655A8 /* XCRemoteSwiftPackageReference "firebase-ios-sdk" */;
			productName = FirebaseMLModelDownloader;
		};
		D0D96AA72A757E7A009655A8 /* FirebaseMessaging */ = {
			isa = XCSwiftPackageProductDependency;
			package = D0D96A7C2A757E7A009655A8 /* XCRemoteSwiftPackageReference "firebase-ios-sdk" */;
			productName = FirebaseMessaging;
		};
		D0D96AA92A757E7A009655A8 /* FirebasePerformance */ = {
			isa = XCSwiftPackageProductDependency;
			package = D0D96A7C2A757E7A009655A8 /* XCRemoteSwiftPackageReference "firebase-ios-sdk" */;
			productName = FirebasePerformance;
		};
		D0D96AAB2A757E7A009655A8 /* FirebaseRemoteConfig */ = {
			isa = XCSwiftPackageProductDependency;
			package = D0D96A7C2A757E7A009655A8 /* XCRemoteSwiftPackageReference "firebase-ios-sdk" */;
			productName = FirebaseRemoteConfig;
		};
		D0D96AAD2A757E7A009655A8 /* FirebaseRemoteConfigSwift */ = {
			isa = XCSwiftPackageProductDependency;
			package = D0D96A7C2A757E7A009655A8 /* XCRemoteSwiftPackageReference "firebase-ios-sdk" */;
			productName = FirebaseRemoteConfigSwift;
		};
		D0D96AAF2A757E7A009655A8 /* FirebaseStorage */ = {
			isa = XCSwiftPackageProductDependency;
			package = D0D96A7C2A757E7A009655A8 /* XCRemoteSwiftPackageReference "firebase-ios-sdk" */;
			productName = FirebaseStorage;
		};
		D0D96AB12A757E7A009655A8 /* FirebaseStorageCombine-Community */ = {
			isa = XCSwiftPackageProductDependency;
			package = D0D96A7C2A757E7A009655A8 /* XCRemoteSwiftPackageReference "firebase-ios-sdk" */;
			productName = "FirebaseStorageCombine-Community";
		};
/* End XCSwiftPackageProductDependency section */
	};
	rootObject = 51C47F2C299E9A2E004AB819 /* Project object */;
}
